// !$*UTF8*$!
{
	archiveVersion = 1;
	classes = {
	};
	objectVersion = 46;
	objects = {

/* Begin PBXBuildFile section */
		100D30A21A77D207008F3FBF /* AppDelegate.swift in Sources */ = {isa = PBXBuildFile; fileRef = 100D30A11A77D207008F3FBF /* AppDelegate.swift */; };
		100D30A41A77D207008F3FBF /* MainViewController.swift in Sources */ = {isa = PBXBuildFile; fileRef = 100D30A31A77D207008F3FBF /* MainViewController.swift */; };
		100D30A71A77D207008F3FBF /* Touch_Main.storyboard in Resources */ = {isa = PBXBuildFile; fileRef = 100D30A51A77D207008F3FBF /* Touch_Main.storyboard */; };
		100D30A91A77D207008F3FBF /* Images.xcassets in Resources */ = {isa = PBXBuildFile; fileRef = 100D30A81A77D207008F3FBF /* Images.xcassets */; };
		100D30AC1A77D207008F3FBF /* LaunchScreen.xib in Resources */ = {isa = PBXBuildFile; fileRef = 100D30AA1A77D207008F3FBF /* LaunchScreen.xib */; };
		100D30B81A77D207008F3FBF /* TouchTests.swift in Sources */ = {isa = PBXBuildFile; fileRef = 100D30B71A77D207008F3FBF /* TouchTests.swift */; };
		10EB77B61A7924E60075E089 /* GameElement.swift in Sources */ = {isa = PBXBuildFile; fileRef = 10EB77B51A7924E60075E089 /* GameElement.swift */; };
/* End PBXBuildFile section */

/* Begin PBXContainerItemProxy section */
		100D30B21A77D207008F3FBF /* PBXContainerItemProxy */ = {
			isa = PBXContainerItemProxy;
			containerPortal = 100D30941A77D207008F3FBF /* Project object */;
			proxyType = 1;
			remoteGlobalIDString = 100D309B1A77D207008F3FBF;
			remoteInfo = Touch;
		};
/* End PBXContainerItemProxy section */

/* Begin PBXFileReference section */
		100D309C1A77D207008F3FBF /* Touch.app */ = {isa = PBXFileReference; explicitFileType = wrapper.application; includeInIndex = 0; path = Touch.app; sourceTree = BUILT_PRODUCTS_DIR; };
		100D30A01A77D207008F3FBF /* Info.plist */ = {isa = PBXFileReference; lastKnownFileType = text.plist.xml; path = Info.plist; sourceTree = "<group>"; };
		100D30A11A77D207008F3FBF /* AppDelegate.swift */ = {isa = PBXFileReference; lastKnownFileType = sourcecode.swift; path = AppDelegate.swift; sourceTree = "<group>"; };
		100D30A31A77D207008F3FBF /* MainViewController.swift */ = {isa = PBXFileReference; lastKnownFileType = sourcecode.swift; path = MainViewController.swift; sourceTree = "<group>"; };
		100D30A61A77D207008F3FBF /* Base */ = {isa = PBXFileReference; lastKnownFileType = file.storyboard; name = Base; path = Base.lproj/Touch_Main.storyboard; sourceTree = "<group>"; };
		100D30A81A77D207008F3FBF /* Images.xcassets */ = {isa = PBXFileReference; lastKnownFileType = folder.assetcatalog; path = Images.xcassets; sourceTree = "<group>"; };
		100D30AB1A77D207008F3FBF /* Base */ = {isa = PBXFileReference; lastKnownFileType = file.xib; name = Base; path = Base.lproj/LaunchScreen.xib; sourceTree = "<group>"; };
		100D30B11A77D207008F3FBF /* TouchTests.xctest */ = {isa = PBXFileReference; explicitFileType = wrapper.cfbundle; includeInIndex = 0; path = TouchTests.xctest; sourceTree = BUILT_PRODUCTS_DIR; };
		100D30B61A77D207008F3FBF /* Info.plist */ = {isa = PBXFileReference; lastKnownFileType = text.plist.xml; path = Info.plist; sourceTree = "<group>"; };
		100D30B71A77D207008F3FBF /* TouchTests.swift */ = {isa = PBXFileReference; lastKnownFileType = sourcecode.swift; path = TouchTests.swift; sourceTree = "<group>"; };
		10EB77B51A7924E60075E089 /* GameElement.swift */ = {isa = PBXFileReference; fileEncoding = 4; lastKnownFileType = sourcecode.swift; path = GameElement.swift; sourceTree = "<group>"; };
/* End PBXFileReference section */

/* Begin PBXFrameworksBuildPhase section */
		100D30991A77D207008F3FBF /* Frameworks */ = {
			isa = PBXFrameworksBuildPhase;
			buildActionMask = 2147483647;
			files = (
			);
			runOnlyForDeploymentPostprocessing = 0;
		};
		100D30AE1A77D207008F3FBF /* Frameworks */ = {
			isa = PBXFrameworksBuildPhase;
			buildActionMask = 2147483647;
			files = (
			);
			runOnlyForDeploymentPostprocessing = 0;
		};
/* End PBXFrameworksBuildPhase section */

/* Begin PBXGroup section */
		100D30931A77D206008F3FBF = {
			isa = PBXGroup;
			children = (
				100D309E1A77D207008F3FBF /* Touch */,
				100D30B41A77D207008F3FBF /* TouchTests */,
				100D309D1A77D207008F3FBF /* Products */,
			);
			sourceTree = "<group>";
		};
		100D309D1A77D207008F3FBF /* Products */ = {
			isa = PBXGroup;
			children = (
				100D309C1A77D207008F3FBF /* Touch.app */,
				100D30B11A77D207008F3FBF /* TouchTests.xctest */,
			);
			name = Products;
			sourceTree = "<group>";
		};
		100D309E1A77D207008F3FBF /* Touch */ = {
			isa = PBXGroup;
			children = (
				100D30A11A77D207008F3FBF /* AppDelegate.swift */,
				10EB77B51A7924E60075E089 /* GameElement.swift */,
				100D30A31A77D207008F3FBF /* MainViewController.swift */,
				100D30A51A77D207008F3FBF /* Touch_Main.storyboard */,
				100D30A81A77D207008F3FBF /* Images.xcassets */,
				100D30AA1A77D207008F3FBF /* LaunchScreen.xib */,
				100D309F1A77D207008F3FBF /* Supporting Files */,
			);
			path = Touch;
			sourceTree = "<group>";
		};
		100D309F1A77D207008F3FBF /* Supporting Files */ = {
			isa = PBXGroup;
			children = (
				100D30A01A77D207008F3FBF /* Info.plist */,
			);
			name = "Supporting Files";
			sourceTree = "<group>";
		};
		100D30B41A77D207008F3FBF /* TouchTests */ = {
			isa = PBXGroup;
			children = (
				100D30B71A77D207008F3FBF /* TouchTests.swift */,
				100D30B51A77D207008F3FBF /* Supporting Files */,
			);
			path = TouchTests;
			sourceTree = "<group>";
		};
		100D30B51A77D207008F3FBF /* Supporting Files */ = {
			isa = PBXGroup;
			children = (
				100D30B61A77D207008F3FBF /* Info.plist */,
			);
			name = "Supporting Files";
			sourceTree = "<group>";
		};
/* End PBXGroup section */

/* Begin PBXNativeTarget section */
		100D309B1A77D207008F3FBF /* Touch */ = {
			isa = PBXNativeTarget;
			buildConfigurationList = 100D30BB1A77D207008F3FBF /* Build configuration list for PBXNativeTarget "Touch" */;
			buildPhases = (
				100D30981A77D207008F3FBF /* Sources */,
				100D30991A77D207008F3FBF /* Frameworks */,
				100D309A1A77D207008F3FBF /* Resources */,
			);
			buildRules = (
			);
			dependencies = (
			);
			name = Touch;
			productName = Touch;
			productReference = 100D309C1A77D207008F3FBF /* Touch.app */;
			productType = "com.apple.product-type.application";
		};
		100D30B01A77D207008F3FBF /* TouchTests */ = {
			isa = PBXNativeTarget;
			buildConfigurationList = 100D30BE1A77D207008F3FBF /* Build configuration list for PBXNativeTarget "TouchTests" */;
			buildPhases = (
				100D30AD1A77D207008F3FBF /* Sources */,
				100D30AE1A77D207008F3FBF /* Frameworks */,
				100D30AF1A77D207008F3FBF /* Resources */,
			);
			buildRules = (
			);
			dependencies = (
				100D30B31A77D207008F3FBF /* PBXTargetDependency */,
			);
			name = TouchTests;
			productName = TouchTests;
			productReference = 100D30B11A77D207008F3FBF /* TouchTests.xctest */;
			productType = "com.apple.product-type.bundle.unit-test";
		};
/* End PBXNativeTarget section */

/* Begin PBXProject section */
		100D30941A77D207008F3FBF /* Project object */ = {
			isa = PBXProject;
			attributes = {
				LastUpgradeCheck = 0610;
				ORGANIZATIONNAME = "Random Chaos Studios";
				TargetAttributes = {
					100D309B1A77D207008F3FBF = {
						CreatedOnToolsVersion = 6.1.1;
					};
					100D30B01A77D207008F3FBF = {
						CreatedOnToolsVersion = 6.1.1;
						TestTargetID = 100D309B1A77D207008F3FBF;
					};
				};
			};
			buildConfigurationList = 100D30971A77D207008F3FBF /* Build configuration list for PBXProject "Touch" */;
			compatibilityVersion = "Xcode 3.2";
			developmentRegion = English;
			hasScannedForEncodings = 0;
			knownRegions = (
				en,
				Base,
			);
			mainGroup = 100D30931A77D206008F3FBF;
			productRefGroup = 100D309D1A77D207008F3FBF /* Products */;
			projectDirPath = "";
			projectRoot = "";
			targets = (
				100D309B1A77D207008F3FBF /* Touch */,
				100D30B01A77D207008F3FBF /* TouchTests */,
			);
		};
/* End PBXProject section */

/* Begin PBXResourcesBuildPhase section */
		100D309A1A77D207008F3FBF /* Resources */ = {
			isa = PBXResourcesBuildPhase;
			buildActionMask = 2147483647;
			files = (
				100D30A71A77D207008F3FBF /* Touch_Main.storyboard in Resources */,
				100D30AC1A77D207008F3FBF /* LaunchScreen.xib in Resources */,
				100D30A91A77D207008F3FBF /* Images.xcassets in Resources */,
			);
			runOnlyForDeploymentPostprocessing = 0;
		};
		100D30AF1A77D207008F3FBF /* Resources */ = {
			isa = PBXResourcesBuildPhase;
			buildActionMask = 2147483647;
			files = (
			);
			runOnlyForDeploymentPostprocessing = 0;
		};
/* End PBXResourcesBuildPhase section */

/* Begin PBXSourcesBuildPhase section */
		100D30981A77D207008F3FBF /* Sources */ = {
			isa = PBXSourcesBuildPhase;
			buildActionMask = 2147483647;
			files = (
				100D30A41A77D207008F3FBF /* MainViewController.swift in Sources */,
				100D30A21A77D207008F3FBF /* AppDelegate.swift in Sources */,
				10EB77B61A7924E60075E089 /* GameElement.swift in Sources */,
			);
			runOnlyForDeploymentPostprocessing = 0;
		};
		100D30AD1A77D207008F3FBF /* Sources */ = {
			isa = PBXSourcesBuildPhase;
			buildActionMask = 2147483647;
			files = (
				100D30B81A77D207008F3FBF /* TouchTests.swift in Sources */,
			);
			runOnlyForDeploymentPostprocessing = 0;
		};
/* End PBXSourcesBuildPhase section */

/* Begin PBXTargetDependency section */
		100D30B31A77D207008F3FBF /* PBXTargetDependency */ = {
			isa = PBXTargetDependency;
			target = 100D309B1A77D207008F3FBF /* Touch */;
			targetProxy = 100D30B21A77D207008F3FBF /* PBXContainerItemProxy */;
		};
/* End PBXTargetDependency section */

/* Begin PBXVariantGroup section */
		100D30A51A77D207008F3FBF /* Touch_Main.storyboard */ = {
			isa = PBXVariantGroup;
			children = (
				100D30A61A77D207008F3FBF /* Base */,
			);
			name = Touch_Main.storyboard;
			sourceTree = "<group>";
		};
		100D30AA1A77D207008F3FBF /* LaunchScreen.xib */ = {
			isa = PBXVariantGroup;
			children = (
				100D30AB1A77D207008F3FBF /* Base */,
			);
			name = LaunchScreen.xib;
			sourceTree = "<group>";
		};
/* End PBXVariantGroup section */

/* Begin XCBuildConfiguration section */
		100D30B91A77D207008F3FBF /* Debug */ = {
			isa = XCBuildConfiguration;
			buildSettings = {
				ALWAYS_SEARCH_USER_PATHS = NO;
				CLANG_CXX_LANGUAGE_STANDARD = "gnu++0x";
				CLANG_CXX_LIBRARY = "libc++";
				CLANG_ENABLE_MODULES = YES;
				CLANG_ENABLE_OBJC_ARC = YES;
				CLANG_WARN_BOOL_CONVERSION = YES;
				CLANG_WARN_CONSTANT_CONVERSION = YES;
				CLANG_WARN_DIRECT_OBJC_ISA_USAGE = YES_ERROR;
				CLANG_WARN_EMPTY_BODY = YES;
				CLANG_WARN_ENUM_CONVERSION = YES;
				CLANG_WARN_INT_CONVERSION = YES;
				CLANG_WARN_OBJC_ROOT_CLASS = YES_ERROR;
				CLANG_WARN_UNREACHABLE_CODE = YES;
				CLANG_WARN__DUPLICATE_METHOD_MATCH = YES;
				"CODE_SIGN_IDENTITY[sdk=iphoneos*]" = "iPhone Developer";
				COPY_PHASE_STRIP = NO;
				ENABLE_STRICT_OBJC_MSGSEND = YES;
				GCC_C_LANGUAGE_STANDARD = gnu99;
				GCC_DYNAMIC_NO_PIC = NO;
				GCC_OPTIMIZATION_LEVEL = 0;
				GCC_PREPROCESSOR_DEFINITIONS = (
					"DEBUG=1",
					"$(inherited)",
				);
				GCC_SYMBOLS_PRIVATE_EXTERN = NO;
				GCC_WARN_64_TO_32_BIT_CONVERSION = YES;
				GCC_WARN_ABOUT_RETURN_TYPE = YES_ERROR;
				GCC_WARN_UNDECLARED_SELECTOR = YES;
				GCC_WARN_UNINITIALIZED_AUTOS = YES_AGGRESSIVE;
				GCC_WARN_UNUSED_FUNCTION = YES;
				GCC_WARN_UNUSED_VARIABLE = YES;
				IPHONEOS_DEPLOYMENT_TARGET = 8.1;
				MTL_ENABLE_DEBUG_INFO = YES;
				ONLY_ACTIVE_ARCH = YES;
				SDKROOT = iphoneos;
				SWIFT_OPTIMIZATION_LEVEL = "-Onone";
				TARGETED_DEVICE_FAMILY = "1,2";
			};
			name = Debug;
		};
		100D30BA1A77D207008F3FBF /* Release */ = {
			isa = XCBuildConfiguration;
			buildSettings = {
				ALWAYS_SEARCH_USER_PATHS = NO;
				CLANG_CXX_LANGUAGE_STANDARD = "gnu++0x";
				CLANG_CXX_LIBRARY = "libc++";
				CLANG_ENABLE_MODULES = YES;
				CLANG_ENABLE_OBJC_ARC = YES;
				CLANG_WARN_BOOL_CONVERSION = YES;
				CLANG_WARN_CONSTANT_CONVERSION = YES;
				CLANG_WARN_DIRECT_OBJC_ISA_USAGE = YES_ERROR;
				CLANG_WARN_EMPTY_BODY = YES;
				CLANG_WARN_ENUM_CONVERSION = YES;
				CLANG_WARN_INT_CONVERSION = YES;
				CLANG_WARN_OBJC_ROOT_CLASS = YES_ERROR;
				CLANG_WARN_UNREACHABLE_CODE = YES;
				CLANG_WARN__DUPLICATE_METHOD_MATCH = YES;
				"CODE_SIGN_IDENTITY[sdk=iphoneos*]" = "iPhone Developer";
				COPY_PHASE_STRIP = YES;
				ENABLE_NS_ASSERTIONS = NO;
				ENABLE_STRICT_OBJC_MSGSEND = YES;
				GCC_C_LANGUAGE_STANDARD = gnu99;
				GCC_WARN_64_TO_32_BIT_CONVERSION = YES;
				GCC_WARN_ABOUT_RETURN_TYPE = YES_ERROR;
				GCC_WARN_UNDECLARED_SELECTOR = YES;
				GCC_WARN_UNINITIALIZED_AUTOS = YES_AGGRESSIVE;
				GCC_WARN_UNUSED_FUNCTION = YES;
				GCC_WARN_UNUSED_VARIABLE = YES;
				IPHONEOS_DEPLOYMENT_TARGET = 8.1;
				MTL_ENABLE_DEBUG_INFO = NO;
				SDKROOT = iphoneos;
				TARGETED_DEVICE_FAMILY = "1,2";
				VALIDATE_PRODUCT = YES;
			};
			name = Release;
		};
		100D30BC1A77D207008F3FBF /* Debug */ = {
			isa = XCBuildConfiguration;
			buildSettings = {
				ASSETCATALOG_COMPILER_APPICON_NAME = AppIcon;
				INFOPLIST_FILE = Touch/Info.plist;
				LD_RUNPATH_SEARCH_PATHS = "$(inherited) @executable_path/Frameworks";
				PRODUCT_NAME = "$(TARGET_NAME)";
			};
			name = Debug;
		};
		100D30BD1A77D207008F3FBF /* Release */ = {
			isa = XCBuildConfiguration;
			buildSettings = {
				ASSETCATALOG_COMPILER_APPICON_NAME = AppIcon;
				INFOPLIST_FILE = Touch/Info.plist;
				LD_RUNPATH_SEARCH_PATHS = "$(inherited) @executable_path/Frameworks";
				PRODUCT_NAME = "$(TARGET_NAME)";
			};
			name = Release;
		};
		100D30BF1A77D207008F3FBF /* Debug */ = {
			isa = XCBuildConfiguration;
			buildSettings = {
				BUNDLE_LOADER = "$(TEST_HOST)";
				FRAMEWORK_SEARCH_PATHS = (
					"$(SDKROOT)/Developer/Library/Frameworks",
					"$(inherited)",
				);
				GCC_PREPROCESSOR_DEFINITIONS = (
					"DEBUG=1",
					"$(inherited)",
				);
				INFOPLIST_FILE = TouchTests/Info.plist;
				LD_RUNPATH_SEARCH_PATHS = "$(inherited) @executable_path/Frameworks @loader_path/Frameworks";
				PRODUCT_NAME = "$(TARGET_NAME)";
				TEST_HOST = "$(BUILT_PRODUCTS_DIR)/Touch.app/Touch";
			};
			name = Debug;
		};
		100D30C01A77D207008F3FBF /* Release */ = {
			isa = XCBuildConfiguration;
			buildSettings = {
				BUNDLE_LOADER = "$(TEST_HOST)";
				FRAMEWORK_SEARCH_PATHS = (
					"$(SDKROOT)/Developer/Library/Frameworks",
					"$(inherited)",
				);
				INFOPLIST_FILE = TouchTests/Info.plist;
				LD_RUNPATH_SEARCH_PATHS = "$(inherited) @executable_path/Frameworks @loader_path/Frameworks";
				PRODUCT_NAME = "$(TARGET_NAME)";
				TEST_HOST = "$(BUILT_PRODUCTS_DIR)/Touch.app/Touch";
			};
			name = Release;
		};
/* End XCBuildConfiguration section */

/* Begin XCConfigurationList section */
		100D30971A77D207008F3FBF /* Build configuration list for PBXProject "Touch" */ = {
			isa = XCConfigurationList;
			buildConfigurations = (
				100D30B91A77D207008F3FBF /* Debug */,
				100D30BA1A77D207008F3FBF /* Release */,
			);
			defaultConfigurationIsVisible = 0;
			defaultConfigurationName = Release;
		};
		100D30BB1A77D207008F3FBF /* Build configuration list for PBXNativeTarget "Touch" */ = {
			isa = XCConfigurationList;
			buildConfigurations = (
				100D30BC1A77D207008F3FBF /* Debug */,
				100D30BD1A77D207008F3FBF /* Release */,
			);
			defaultConfigurationIsVisible = 0;
			defaultConfigurationName = Release;
		};
		100D30BE1A77D207008F3FBF /* Build configuration list for PBXNativeTarget "TouchTests" */ = {
			isa = XCConfigurationList;
			buildConfigurations = (
				100D30BF1A77D207008F3FBF /* Debug */,
				100D30C01A77D207008F3FBF /* Release */,
			);
			defaultConfigurationIsVisible = 0;
			defaultConfigurationName = Release;
		};
/* End XCConfigurationList section */
	};
	rootObject = 100D30941A77D207008F3FBF /* Project object */;
}
